// !$*UTF8*$!
{
	archiveVersion = 1;
	classes = {
	};
	objectVersion = 56;
	objects = {

/* Begin PBXBuildFile section */
		979AF0FF2C2DC0260013CB77 /* FavoritListPresenter.swift in Sources */ = {isa = PBXBuildFile; fileRef = 979AF0FE2C2DC0260013CB77 /* FavoritListPresenter.swift */; };
		97AE9CCE2C2C3FBD000A4B09 /* AppDelegate.swift in Sources */ = {isa = PBXBuildFile; fileRef = 97AE9CCD2C2C3FBD000A4B09 /* AppDelegate.swift */; };
		97AE9CD02C2C3FBD000A4B09 /* SceneDelegate.swift in Sources */ = {isa = PBXBuildFile; fileRef = 97AE9CCF2C2C3FBD000A4B09 /* SceneDelegate.swift */; };
		97AE9CD22C2C3FBD000A4B09 /* ViewController.swift in Sources */ = {isa = PBXBuildFile; fileRef = 97AE9CD12C2C3FBD000A4B09 /* ViewController.swift */; };
		97AE9CD72C2C3FBE000A4B09 /* Assets.xcassets in Resources */ = {isa = PBXBuildFile; fileRef = 97AE9CD62C2C3FBE000A4B09 /* Assets.xcassets */; };
		97AE9CDA2C2C3FBE000A4B09 /* Base in Resources */ = {isa = PBXBuildFile; fileRef = 97AE9CD92C2C3FBE000A4B09 /* Base */; };
		97AE9CE22C2C40DE000A4B09 /* HomepageViewController.swift in Sources */ = {isa = PBXBuildFile; fileRef = 97AE9CE12C2C40DE000A4B09 /* HomepageViewController.swift */; };
		97AE9CE62C2C4136000A4B09 /* UIApllicationExtensions.swift in Sources */ = {isa = PBXBuildFile; fileRef = 97AE9CE52C2C4136000A4B09 /* UIApllicationExtensions.swift */; };
		97AE9CEA2C2C41B7000A4B09 /* Button.swift in Sources */ = {isa = PBXBuildFile; fileRef = 97AE9CE92C2C41B7000A4B09 /* Button.swift */; };
		97AE9CEC2C2C424D000A4B09 /* NSLayoutConstraintExtensions.swift in Sources */ = {isa = PBXBuildFile; fileRef = 97AE9CEB2C2C424D000A4B09 /* NSLayoutConstraintExtensions.swift */; };
		97AE9CEE2C2C4295000A4B09 /* UIStackViewExtensions.swift in Sources */ = {isa = PBXBuildFile; fileRef = 97AE9CED2C2C4295000A4B09 /* UIStackViewExtensions.swift */; };
		97AE9CF02C2C42A6000A4B09 /* UIColorExtension.swift in Sources */ = {isa = PBXBuildFile; fileRef = 97AE9CEF2C2C42A6000A4B09 /* UIColorExtension.swift */; };
		97AE9CF22C2C42B1000A4B09 /* UIViewExtensions.swift in Sources */ = {isa = PBXBuildFile; fileRef = 97AE9CF12C2C42B1000A4B09 /* UIViewExtensions.swift */; };
		97AE9CF42C2C42B6000A4B09 /* UIViewControllerExtensions.swift in Sources */ = {isa = PBXBuildFile; fileRef = 97AE9CF32C2C42B6000A4B09 /* UIViewControllerExtensions.swift */; };
		97AE9CF72C2C440E000A4B09 /* MainTabBarController.swift in Sources */ = {isa = PBXBuildFile; fileRef = 97AE9CF62C2C440E000A4B09 /* MainTabBarController.swift */; };
		97AE9CF92C2C443F000A4B09 /* MainTabBarRCTIController.swift in Sources */ = {isa = PBXBuildFile; fileRef = 97AE9CF82C2C443F000A4B09 /* MainTabBarRCTIController.swift */; };
		97AE9CFD2C2C4977000A4B09 /* VideoListController.swift in Sources */ = {isa = PBXBuildFile; fileRef = 97AE9CFC2C2C4977000A4B09 /* VideoListController.swift */; };
		97AE9D002C2C49DC000A4B09 /* EmptyStateCustom.swift in Sources */ = {isa = PBXBuildFile; fileRef = 97AE9CFF2C2C49DC000A4B09 /* EmptyStateCustom.swift */; };
		97AE9D032C2C4A04000A4B09 /* StackViewHelpers.swift in Sources */ = {isa = PBXBuildFile; fileRef = 97AE9D022C2C4A04000A4B09 /* StackViewHelpers.swift */; };
		97AE9D062C2C4CB9000A4B09 /* FavoritListController.swift in Sources */ = {isa = PBXBuildFile; fileRef = 97AE9D052C2C4CB9000A4B09 /* FavoritListController.swift */; };
		97AE9D0A2C2C558F000A4B09 /* Video.swift in Sources */ = {isa = PBXBuildFile; fileRef = 97AE9D092C2C558F000A4B09 /* Video.swift */; };
		97AE9D0C2C2C5675000A4B09 /* VideoListPresenter.swift in Sources */ = {isa = PBXBuildFile; fileRef = 97AE9D0B2C2C5675000A4B09 /* VideoListPresenter.swift */; };
		97AE9D0E2C2C5695000A4B09 /* VideoListCell.swift in Sources */ = {isa = PBXBuildFile; fileRef = 97AE9D0D2C2C5695000A4B09 /* VideoListCell.swift */; };
		97AE9D102C2C5DF8000A4B09 /* UIImageViewExtension.swift in Sources */ = {isa = PBXBuildFile; fileRef = 97AE9D0F2C2C5DF8000A4B09 /* UIImageViewExtension.swift */; };
		97AE9D122C2C6A94000A4B09 /* StringExtensions.swift in Sources */ = {isa = PBXBuildFile; fileRef = 97AE9D112C2C6A94000A4B09 /* StringExtensions.swift */; };
		97AE9D152C2C8472000A4B09 /* VideoPlayerController.swift in Sources */ = {isa = PBXBuildFile; fileRef = 97AE9D142C2C8472000A4B09 /* VideoPlayerController.swift */; };
		97AE9D192C2C8870000A4B09 /* SheetViewControllerExtensions.swift in Sources */ = {isa = PBXBuildFile; fileRef = 97AE9D182C2C8870000A4B09 /* SheetViewControllerExtensions.swift */; };
		D84854299631281C4523C586 /* Pods_CaseStudy_RCTI.framework in Frameworks */ = {isa = PBXBuildFile; fileRef = 49C82CB4131762418C0C7EB2 /* Pods_CaseStudy_RCTI.framework */; };
/* End PBXBuildFile section */

/* Begin PBXFileReference section */
		49C82CB4131762418C0C7EB2 /* Pods_CaseStudy_RCTI.framework */ = {isa = PBXFileReference; explicitFileType = wrapper.framework; includeInIndex = 0; path = Pods_CaseStudy_RCTI.framework; sourceTree = BUILT_PRODUCTS_DIR; };
		8622DF5B9DDADA84C5AE6054 /* Pods-CaseStudy-RCTI.debug.xcconfig */ = {isa = PBXFileReference; includeInIndex = 1; lastKnownFileType = text.xcconfig; name = "Pods-CaseStudy-RCTI.debug.xcconfig"; path = "Target Support Files/Pods-CaseStudy-RCTI/Pods-CaseStudy-RCTI.debug.xcconfig"; sourceTree = "<group>"; };
		979AF0FE2C2DC0260013CB77 /* FavoritListPresenter.swift */ = {isa = PBXFileReference; lastKnownFileType = sourcecode.swift; path = FavoritListPresenter.swift; sourceTree = "<group>"; };
		97AE9CCA2C2C3FBD000A4B09 /* CaseStudy-RCTI.app */ = {isa = PBXFileReference; explicitFileType = wrapper.application; includeInIndex = 0; path = "CaseStudy-RCTI.app"; sourceTree = BUILT_PRODUCTS_DIR; };
		97AE9CCD2C2C3FBD000A4B09 /* AppDelegate.swift */ = {isa = PBXFileReference; lastKnownFileType = sourcecode.swift; path = AppDelegate.swift; sourceTree = "<group>"; };
		97AE9CCF2C2C3FBD000A4B09 /* SceneDelegate.swift */ = {isa = PBXFileReference; lastKnownFileType = sourcecode.swift; path = SceneDelegate.swift; sourceTree = "<group>"; };
		97AE9CD12C2C3FBD000A4B09 /* ViewController.swift */ = {isa = PBXFileReference; lastKnownFileType = sourcecode.swift; path = ViewController.swift; sourceTree = "<group>"; };
		97AE9CD62C2C3FBE000A4B09 /* Assets.xcassets */ = {isa = PBXFileReference; lastKnownFileType = folder.assetcatalog; path = Assets.xcassets; sourceTree = "<group>"; };
		97AE9CD92C2C3FBE000A4B09 /* Base */ = {isa = PBXFileReference; lastKnownFileType = file.storyboard; name = Base; path = Base.lproj/LaunchScreen.storyboard; sourceTree = "<group>"; };
		97AE9CDB2C2C3FBE000A4B09 /* Info.plist */ = {isa = PBXFileReference; lastKnownFileType = text.plist.xml; path = Info.plist; sourceTree = "<group>"; };
		97AE9CE12C2C40DE000A4B09 /* HomepageViewController.swift */ = {isa = PBXFileReference; fileEncoding = 4; lastKnownFileType = sourcecode.swift; path = HomepageViewController.swift; sourceTree = "<group>"; };
		97AE9CE52C2C4136000A4B09 /* UIApllicationExtensions.swift */ = {isa = PBXFileReference; fileEncoding = 4; lastKnownFileType = sourcecode.swift; path = UIApllicationExtensions.swift; sourceTree = "<group>"; };
		97AE9CE92C2C41B7000A4B09 /* Button.swift */ = {isa = PBXFileReference; fileEncoding = 4; lastKnownFileType = sourcecode.swift; path = Button.swift; sourceTree = "<group>"; };
		97AE9CEB2C2C424D000A4B09 /* NSLayoutConstraintExtensions.swift */ = {isa = PBXFileReference; fileEncoding = 4; lastKnownFileType = sourcecode.swift; path = NSLayoutConstraintExtensions.swift; sourceTree = "<group>"; };
		97AE9CED2C2C4295000A4B09 /* UIStackViewExtensions.swift */ = {isa = PBXFileReference; fileEncoding = 4; lastKnownFileType = sourcecode.swift; path = UIStackViewExtensions.swift; sourceTree = "<group>"; };
		97AE9CEF2C2C42A6000A4B09 /* UIColorExtension.swift */ = {isa = PBXFileReference; fileEncoding = 4; lastKnownFileType = sourcecode.swift; path = UIColorExtension.swift; sourceTree = "<group>"; };
		97AE9CF12C2C42B1000A4B09 /* UIViewExtensions.swift */ = {isa = PBXFileReference; fileEncoding = 4; lastKnownFileType = sourcecode.swift; path = UIViewExtensions.swift; sourceTree = "<group>"; };
		97AE9CF32C2C42B6000A4B09 /* UIViewControllerExtensions.swift */ = {isa = PBXFileReference; fileEncoding = 4; lastKnownFileType = sourcecode.swift; path = UIViewControllerExtensions.swift; sourceTree = "<group>"; };
		97AE9CF62C2C440E000A4B09 /* MainTabBarController.swift */ = {isa = PBXFileReference; fileEncoding = 4; lastKnownFileType = sourcecode.swift; path = MainTabBarController.swift; sourceTree = "<group>"; };
		97AE9CF82C2C443F000A4B09 /* MainTabBarRCTIController.swift */ = {isa = PBXFileReference; lastKnownFileType = sourcecode.swift; path = MainTabBarRCTIController.swift; sourceTree = "<group>"; };
		97AE9CFC2C2C4977000A4B09 /* VideoListController.swift */ = {isa = PBXFileReference; lastKnownFileType = sourcecode.swift; path = VideoListController.swift; sourceTree = "<group>"; };
		97AE9CFF2C2C49DC000A4B09 /* EmptyStateCustom.swift */ = {isa = PBXFileReference; fileEncoding = 4; lastKnownFileType = sourcecode.swift; path = EmptyStateCustom.swift; sourceTree = "<group>"; };
		97AE9D022C2C4A04000A4B09 /* StackViewHelpers.swift */ = {isa = PBXFileReference; fileEncoding = 4; lastKnownFileType = sourcecode.swift; path = StackViewHelpers.swift; sourceTree = "<group>"; };
		97AE9D052C2C4CB9000A4B09 /* FavoritListController.swift */ = {isa = PBXFileReference; lastKnownFileType = sourcecode.swift; path = FavoritListController.swift; sourceTree = "<group>"; };
		97AE9D092C2C558F000A4B09 /* Video.swift */ = {isa = PBXFileReference; lastKnownFileType = sourcecode.swift; path = Video.swift; sourceTree = "<group>"; };
		97AE9D0B2C2C5675000A4B09 /* VideoListPresenter.swift */ = {isa = PBXFileReference; lastKnownFileType = sourcecode.swift; path = VideoListPresenter.swift; sourceTree = "<group>"; };
		97AE9D0D2C2C5695000A4B09 /* VideoListCell.swift */ = {isa = PBXFileReference; lastKnownFileType = sourcecode.swift; path = VideoListCell.swift; sourceTree = "<group>"; };
		97AE9D0F2C2C5DF8000A4B09 /* UIImageViewExtension.swift */ = {isa = PBXFileReference; fileEncoding = 4; lastKnownFileType = sourcecode.swift; path = UIImageViewExtension.swift; sourceTree = "<group>"; };
		97AE9D112C2C6A94000A4B09 /* StringExtensions.swift */ = {isa = PBXFileReference; lastKnownFileType = sourcecode.swift; path = StringExtensions.swift; sourceTree = "<group>"; };
		97AE9D142C2C8472000A4B09 /* VideoPlayerController.swift */ = {isa = PBXFileReference; lastKnownFileType = sourcecode.swift; path = VideoPlayerController.swift; sourceTree = "<group>"; };
		97AE9D182C2C8870000A4B09 /* SheetViewControllerExtensions.swift */ = {isa = PBXFileReference; lastKnownFileType = sourcecode.swift; path = SheetViewControllerExtensions.swift; sourceTree = "<group>"; };
		D7B64134C6830296F629E801 /* Pods-CaseStudy-RCTI.release.xcconfig */ = {isa = PBXFileReference; includeInIndex = 1; lastKnownFileType = text.xcconfig; name = "Pods-CaseStudy-RCTI.release.xcconfig"; path = "Target Support Files/Pods-CaseStudy-RCTI/Pods-CaseStudy-RCTI.release.xcconfig"; sourceTree = "<group>"; };
/* End PBXFileReference section */

/* Begin PBXFrameworksBuildPhase section */
		97AE9CC72C2C3FBD000A4B09 /* Frameworks */ = {
			isa = PBXFrameworksBuildPhase;
			buildActionMask = 2147483647;
			files = (
				D84854299631281C4523C586 /* Pods_CaseStudy_RCTI.framework in Frameworks */,
			);
			runOnlyForDeploymentPostprocessing = 0;
		};
/* End PBXFrameworksBuildPhase section */

/* Begin PBXGroup section */
		97AE9CC12C2C3FBD000A4B09 = {
			isa = PBXGroup;
			children = (
				97AE9CCC2C2C3FBD000A4B09 /* CaseStudy-RCTI */,
				97AE9CCB2C2C3FBD000A4B09 /* Products */,
				FAF635F880699F2E58A914B2 /* Pods */,
				FB3FE0324E7C5A51D90D3E83 /* Frameworks */,
			);
			sourceTree = "<group>";
		};
		97AE9CCB2C2C3FBD000A4B09 /* Products */ = {
			isa = PBXGroup;
			children = (
				97AE9CCA2C2C3FBD000A4B09 /* CaseStudy-RCTI.app */,
			);
			name = Products;
			sourceTree = "<group>";
		};
		97AE9CCC2C2C3FBD000A4B09 /* CaseStudy-RCTI */ = {
			isa = PBXGroup;
			children = (
				97AE9D072C2C5529000A4B09 /* Models */,
				97AE9CE32C2C4120000A4B09 /* Utilities */,
				97AE9CE72C2C4190000A4B09 /* Modules */,
				97AE9CCD2C2C3FBD000A4B09 /* AppDelegate.swift */,
				97AE9CCF2C2C3FBD000A4B09 /* SceneDelegate.swift */,
				97AE9CD12C2C3FBD000A4B09 /* ViewController.swift */,
				97AE9CD62C2C3FBE000A4B09 /* Assets.xcassets */,
				97AE9CD82C2C3FBE000A4B09 /* LaunchScreen.storyboard */,
				97AE9CDB2C2C3FBE000A4B09 /* Info.plist */,
			);
			path = "CaseStudy-RCTI";
			sourceTree = "<group>";
		};
		97AE9CE32C2C4120000A4B09 /* Utilities */ = {
			isa = PBXGroup;
			children = (
				97AE9D012C2C49F5000A4B09 /* Helpers */,
				97AE9CE42C2C412D000A4B09 /* Extensions */,
			);
			path = Utilities;
			sourceTree = "<group>";
		};
		97AE9CE42C2C412D000A4B09 /* Extensions */ = {
			isa = PBXGroup;
			children = (
				97AE9CEB2C2C424D000A4B09 /* NSLayoutConstraintExtensions.swift */,
				97AE9CED2C2C4295000A4B09 /* UIStackViewExtensions.swift */,
				97AE9CE52C2C4136000A4B09 /* UIApllicationExtensions.swift */,
				97AE9CEF2C2C42A6000A4B09 /* UIColorExtension.swift */,
				97AE9CF12C2C42B1000A4B09 /* UIViewExtensions.swift */,
				97AE9D0F2C2C5DF8000A4B09 /* UIImageViewExtension.swift */,
				97AE9CF32C2C42B6000A4B09 /* UIViewControllerExtensions.swift */,
				97AE9D112C2C6A94000A4B09 /* StringExtensions.swift */,
				97AE9D182C2C8870000A4B09 /* SheetViewControllerExtensions.swift */,
			);
			path = Extensions;
			sourceTree = "<group>";
		};
		97AE9CE72C2C4190000A4B09 /* Modules */ = {
			isa = PBXGroup;
			children = (
				97AE9CF82C2C443F000A4B09 /* MainTabBarRCTIController.swift */,
				97AE9CE12C2C40DE000A4B09 /* HomepageViewController.swift */,
				97AE9CFB2C2C4825000A4B09 /* Reuseable Components */,
				97AE9D042C2C4CA4000A4B09 /* Favorit List */,
				97AE9CFA2C2C481C000A4B09 /* Video List */,
				97AE9D132C2C8455000A4B09 /* Video player */,
			);
			path = Modules;
			sourceTree = "<group>";
		};
		97AE9CE82C2C41A0000A4B09 /* Reuseable UI */ = {
			isa = PBXGroup;
			children = (
				97AE9CFF2C2C49DC000A4B09 /* EmptyStateCustom.swift */,
				97AE9CE92C2C41B7000A4B09 /* Button.swift */,
			);
			path = "Reuseable UI";
			sourceTree = "<group>";
		};
		97AE9CF52C2C43EC000A4B09 /* Reuseable Controller */ = {
			isa = PBXGroup;
			children = (
				97AE9CF62C2C440E000A4B09 /* MainTabBarController.swift */,
			);
			path = "Reuseable Controller";
			sourceTree = "<group>";
		};
		97AE9CFA2C2C481C000A4B09 /* Video List */ = {
			isa = PBXGroup;
			children = (
				97AE9CFE2C2C49B5000A4B09 /* Views */,
				97AE9CFC2C2C4977000A4B09 /* VideoListController.swift */,
				97AE9D0B2C2C5675000A4B09 /* VideoListPresenter.swift */,
			);
			path = "Video List";
			sourceTree = "<group>";
		};
		97AE9CFB2C2C4825000A4B09 /* Reuseable Components */ = {
			isa = PBXGroup;
			children = (
				97AE9CE82C2C41A0000A4B09 /* Reuseable UI */,
				97AE9CF52C2C43EC000A4B09 /* Reuseable Controller */,
			);
			path = "Reuseable Components";
			sourceTree = "<group>";
		};
		97AE9CFE2C2C49B5000A4B09 /* Views */ = {
			isa = PBXGroup;
			children = (
				97AE9D0D2C2C5695000A4B09 /* VideoListCell.swift */,
			);
			path = Views;
			sourceTree = "<group>";
		};
		97AE9D012C2C49F5000A4B09 /* Helpers */ = {
			isa = PBXGroup;
			children = (
				97AE9D022C2C4A04000A4B09 /* StackViewHelpers.swift */,
			);
			path = Helpers;
			sourceTree = "<group>";
		};
		97AE9D042C2C4CA4000A4B09 /* Favorit List */ = {
			isa = PBXGroup;
			children = (
				97AE9D052C2C4CB9000A4B09 /* FavoritListController.swift */,
				979AF0FE2C2DC0260013CB77 /* FavoritListPresenter.swift */,
			);
			path = "Favorit List";
			sourceTree = "<group>";
		};
		97AE9D072C2C5529000A4B09 /* Models */ = {
			isa = PBXGroup;
			children = (
				97AE9D092C2C558F000A4B09 /* Video.swift */,
			);
			path = Models;
			sourceTree = "<group>";
		};
		97AE9D132C2C8455000A4B09 /* Video player */ = {
			isa = PBXGroup;
			children = (
				97AE9D142C2C8472000A4B09 /* VideoPlayerController.swift */,
			);
			path = "Video player";
			sourceTree = "<group>";
		};
		FAF635F880699F2E58A914B2 /* Pods */ = {
			isa = PBXGroup;
			children = (
				8622DF5B9DDADA84C5AE6054 /* Pods-CaseStudy-RCTI.debug.xcconfig */,
				D7B64134C6830296F629E801 /* Pods-CaseStudy-RCTI.release.xcconfig */,
			);
			path = Pods;
			sourceTree = "<group>";
		};
		FB3FE0324E7C5A51D90D3E83 /* Frameworks */ = {
			isa = PBXGroup;
			children = (
				49C82CB4131762418C0C7EB2 /* Pods_CaseStudy_RCTI.framework */,
			);
			name = Frameworks;
			sourceTree = "<group>";
		};
/* End PBXGroup section */

/* Begin PBXNativeTarget section */
		97AE9CC92C2C3FBD000A4B09 /* CaseStudy-RCTI */ = {
			isa = PBXNativeTarget;
			buildConfigurationList = 97AE9CDE2C2C3FBE000A4B09 /* Build configuration list for PBXNativeTarget "CaseStudy-RCTI" */;
			buildPhases = (
				59F2925C39E04A1D930E3BBD /* [CP] Check Pods Manifest.lock */,
				97AE9CC62C2C3FBD000A4B09 /* Sources */,
				97AE9CC72C2C3FBD000A4B09 /* Frameworks */,
				97AE9CC82C2C3FBD000A4B09 /* Resources */,
				FBB26B41F4C283EFA34ECE5F /* [CP] Embed Pods Frameworks */,
			);
			buildRules = (
			);
			dependencies = (
			);
			name = "CaseStudy-RCTI";
			productName = "CaseStudy-RCTI";
			productReference = 97AE9CCA2C2C3FBD000A4B09 /* CaseStudy-RCTI.app */;
			productType = "com.apple.product-type.application";
		};
/* End PBXNativeTarget section */

/* Begin PBXProject section */
		97AE9CC22C2C3FBD000A4B09 /* Project object */ = {
			isa = PBXProject;
			attributes = {
				BuildIndependentTargetsInParallel = 1;
				LastSwiftUpdateCheck = 1540;
				LastUpgradeCheck = 1540;
				TargetAttributes = {
					97AE9CC92C2C3FBD000A4B09 = {
						CreatedOnToolsVersion = 15.4;
					};
				};
			};
			buildConfigurationList = 97AE9CC52C2C3FBD000A4B09 /* Build configuration list for PBXProject "CaseStudy-RCTI" */;
			compatibilityVersion = "Xcode 14.0";
			developmentRegion = en;
			hasScannedForEncodings = 0;
			knownRegions = (
				en,
				Base,
			);
			mainGroup = 97AE9CC12C2C3FBD000A4B09;
			productRefGroup = 97AE9CCB2C2C3FBD000A4B09 /* Products */;
			projectDirPath = "";
			projectRoot = "";
			targets = (
				97AE9CC92C2C3FBD000A4B09 /* CaseStudy-RCTI */,
			);
		};
/* End PBXProject section */

/* Begin PBXResourcesBuildPhase section */
		97AE9CC82C2C3FBD000A4B09 /* Resources */ = {
			isa = PBXResourcesBuildPhase;
			buildActionMask = 2147483647;
			files = (
				97AE9CD72C2C3FBE000A4B09 /* Assets.xcassets in Resources */,
				97AE9CDA2C2C3FBE000A4B09 /* Base in Resources */,
			);
			runOnlyForDeploymentPostprocessing = 0;
		};
/* End PBXResourcesBuildPhase section */

/* Begin PBXShellScriptBuildPhase section */
		59F2925C39E04A1D930E3BBD /* [CP] Check Pods Manifest.lock */ = {
			isa = PBXShellScriptBuildPhase;
			buildActionMask = 2147483647;
			files = (
			);
			inputFileListPaths = (
			);
			inputPaths = (
				"${PODS_PODFILE_DIR_PATH}/Podfile.lock",
				"${PODS_ROOT}/Manifest.lock",
			);
			name = "[CP] Check Pods Manifest.lock";
			outputFileListPaths = (
			);
			outputPaths = (
				"$(DERIVED_FILE_DIR)/Pods-CaseStudy-RCTI-checkManifestLockResult.txt",
			);
			runOnlyForDeploymentPostprocessing = 0;
			shellPath = /bin/sh;
			shellScript = "diff \"${PODS_PODFILE_DIR_PATH}/Podfile.lock\" \"${PODS_ROOT}/Manifest.lock\" > /dev/null\nif [ $? != 0 ] ; then\n    # print error to STDERR\n    echo \"error: The sandbox is not in sync with the Podfile.lock. Run 'pod install' or update your CocoaPods installation.\" >&2\n    exit 1\nfi\n# This output is used by Xcode 'outputs' to avoid re-running this script phase.\necho \"SUCCESS\" > \"${SCRIPT_OUTPUT_FILE_0}\"\n";
			showEnvVarsInLog = 0;
		};
		FBB26B41F4C283EFA34ECE5F /* [CP] Embed Pods Frameworks */ = {
			isa = PBXShellScriptBuildPhase;
			buildActionMask = 2147483647;
			files = (
			);
			inputFileListPaths = (
				"${PODS_ROOT}/Target Support Files/Pods-CaseStudy-RCTI/Pods-CaseStudy-RCTI-frameworks-${CONFIGURATION}-input-files.xcfilelist",
			);
			name = "[CP] Embed Pods Frameworks";
			outputFileListPaths = (
				"${PODS_ROOT}/Target Support Files/Pods-CaseStudy-RCTI/Pods-CaseStudy-RCTI-frameworks-${CONFIGURATION}-output-files.xcfilelist",
			);
			runOnlyForDeploymentPostprocessing = 0;
			shellPath = /bin/sh;
			shellScript = "\"${PODS_ROOT}/Target Support Files/Pods-CaseStudy-RCTI/Pods-CaseStudy-RCTI-frameworks.sh\"\n";
			showEnvVarsInLog = 0;
		};
/* End PBXShellScriptBuildPhase section */

/* Begin PBXSourcesBuildPhase section */
		97AE9CC62C2C3FBD000A4B09 /* Sources */ = {
			isa = PBXSourcesBuildPhase;
			buildActionMask = 2147483647;
			files = (
				97AE9D0C2C2C5675000A4B09 /* VideoListPresenter.swift in Sources */,
				97AE9CE62C2C4136000A4B09 /* UIApllicationExtensions.swift in Sources */,
				97AE9CF42C2C42B6000A4B09 /* UIViewControllerExtensions.swift in Sources */,
				97AE9CF72C2C440E000A4B09 /* MainTabBarController.swift in Sources */,
				97AE9CEA2C2C41B7000A4B09 /* Button.swift in Sources */,
				97AE9CE22C2C40DE000A4B09 /* HomepageViewController.swift in Sources */,
				97AE9D192C2C8870000A4B09 /* SheetViewControllerExtensions.swift in Sources */,
				97AE9D122C2C6A94000A4B09 /* StringExtensions.swift in Sources */,
				97AE9D032C2C4A04000A4B09 /* StackViewHelpers.swift in Sources */,
				97AE9CFD2C2C4977000A4B09 /* VideoListController.swift in Sources */,
				97AE9D152C2C8472000A4B09 /* VideoPlayerController.swift in Sources */,
				97AE9D102C2C5DF8000A4B09 /* UIImageViewExtension.swift in Sources */,
				97AE9CD22C2C3FBD000A4B09 /* ViewController.swift in Sources */,
				97AE9CCE2C2C3FBD000A4B09 /* AppDelegate.swift in Sources */,
				979AF0FF2C2DC0260013CB77 /* FavoritListPresenter.swift in Sources */,
				97AE9CF92C2C443F000A4B09 /* MainTabBarRCTIController.swift in Sources */,
				97AE9CF02C2C42A6000A4B09 /* UIColorExtension.swift in Sources */,
				97AE9CF22C2C42B1000A4B09 /* UIViewExtensions.swift in Sources */,
				97AE9D0E2C2C5695000A4B09 /* VideoListCell.swift in Sources */,
				97AE9CEE2C2C4295000A4B09 /* UIStackViewExtensions.swift in Sources */,
				97AE9D0A2C2C558F000A4B09 /* Video.swift in Sources */,
				97AE9D062C2C4CB9000A4B09 /* FavoritListController.swift in Sources */,
				97AE9CD02C2C3FBD000A4B09 /* SceneDelegate.swift in Sources */,
				97AE9CEC2C2C424D000A4B09 /* NSLayoutConstraintExtensions.swift in Sources */,
				97AE9D002C2C49DC000A4B09 /* EmptyStateCustom.swift in Sources */,
			);
			runOnlyForDeploymentPostprocessing = 0;
		};
/* End PBXSourcesBuildPhase section */

/* Begin PBXVariantGroup section */
		97AE9CD82C2C3FBE000A4B09 /* LaunchScreen.storyboard */ = {
			isa = PBXVariantGroup;
			children = (
				97AE9CD92C2C3FBE000A4B09 /* Base */,
			);
			name = LaunchScreen.storyboard;
			sourceTree = "<group>";
		};
/* End PBXVariantGroup section */

/* Begin XCBuildConfiguration section */
		97AE9CDC2C2C3FBE000A4B09 /* Debug */ = {
			isa = XCBuildConfiguration;
			buildSettings = {
				ALWAYS_SEARCH_USER_PATHS = NO;
				ASSETCATALOG_COMPILER_GENERATE_SWIFT_ASSET_SYMBOL_EXTENSIONS = YES;
				CLANG_ANALYZER_NONNULL = YES;
				CLANG_ANALYZER_NUMBER_OBJECT_CONVERSION = YES_AGGRESSIVE;
				CLANG_CXX_LANGUAGE_STANDARD = "gnu++20";
				CLANG_ENABLE_MODULES = YES;
				CLANG_ENABLE_OBJC_ARC = YES;
				CLANG_ENABLE_OBJC_WEAK = YES;
				CLANG_WARN_BLOCK_CAPTURE_AUTORELEASING = YES;
				CLANG_WARN_BOOL_CONVERSION = YES;
				CLANG_WARN_COMMA = YES;
				CLANG_WARN_CONSTANT_CONVERSION = YES;
				CLANG_WARN_DEPRECATED_OBJC_IMPLEMENTATIONS = YES;
				CLANG_WARN_DIRECT_OBJC_ISA_USAGE = YES_ERROR;
				CLANG_WARN_DOCUMENTATION_COMMENTS = YES;
				CLANG_WARN_EMPTY_BODY = YES;
				CLANG_WARN_ENUM_CONVERSION = YES;
				CLANG_WARN_INFINITE_RECURSION = YES;
				CLANG_WARN_INT_CONVERSION = YES;
				CLANG_WARN_NON_LITERAL_NULL_CONVERSION = YES;
				CLANG_WARN_OBJC_IMPLICIT_RETAIN_SELF = YES;
				CLANG_WARN_OBJC_LITERAL_CONVERSION = YES;
				CLANG_WARN_OBJC_ROOT_CLASS = YES_ERROR;
				CLANG_WARN_QUOTED_INCLUDE_IN_FRAMEWORK_HEADER = YES;
				CLANG_WARN_RANGE_LOOP_ANALYSIS = YES;
				CLANG_WARN_STRICT_PROTOTYPES = YES;
				CLANG_WARN_SUSPICIOUS_MOVE = YES;
				CLANG_WARN_UNGUARDED_AVAILABILITY = YES_AGGRESSIVE;
				CLANG_WARN_UNREACHABLE_CODE = YES;
				CLANG_WARN__DUPLICATE_METHOD_MATCH = YES;
				COPY_PHASE_STRIP = NO;
				DEBUG_INFORMATION_FORMAT = dwarf;
				ENABLE_STRICT_OBJC_MSGSEND = YES;
				ENABLE_TESTABILITY = YES;
				ENABLE_USER_SCRIPT_SANDBOXING = YES;
				GCC_C_LANGUAGE_STANDARD = gnu17;
				GCC_DYNAMIC_NO_PIC = NO;
				GCC_NO_COMMON_BLOCKS = YES;
				GCC_OPTIMIZATION_LEVEL = 0;
				GCC_PREPROCESSOR_DEFINITIONS = (
					"DEBUG=1",
					"$(inherited)",
				);
				GCC_WARN_64_TO_32_BIT_CONVERSION = YES;
				GCC_WARN_ABOUT_RETURN_TYPE = YES_ERROR;
				GCC_WARN_UNDECLARED_SELECTOR = YES;
				GCC_WARN_UNINITIALIZED_AUTOS = YES_AGGRESSIVE;
				GCC_WARN_UNUSED_FUNCTION = YES;
				GCC_WARN_UNUSED_VARIABLE = YES;
				IPHONEOS_DEPLOYMENT_TARGET = 17.5;
				LOCALIZATION_PREFERS_STRING_CATALOGS = YES;
				MTL_ENABLE_DEBUG_INFO = INCLUDE_SOURCE;
				MTL_FAST_MATH = YES;
				ONLY_ACTIVE_ARCH = YES;
				SDKROOT = iphoneos;
				SWIFT_ACTIVE_COMPILATION_CONDITIONS = "DEBUG $(inherited)";
				SWIFT_OPTIMIZATION_LEVEL = "-Onone";
			};
			name = Debug;
		};
		97AE9CDD2C2C3FBE000A4B09 /* Release */ = {
			isa = XCBuildConfiguration;
			buildSettings = {
				ALWAYS_SEARCH_USER_PATHS = NO;
				ASSETCATALOG_COMPILER_GENERATE_SWIFT_ASSET_SYMBOL_EXTENSIONS = YES;
				CLANG_ANALYZER_NONNULL = YES;
				CLANG_ANALYZER_NUMBER_OBJECT_CONVERSION = YES_AGGRESSIVE;
				CLANG_CXX_LANGUAGE_STANDARD = "gnu++20";
				CLANG_ENABLE_MODULES = YES;
				CLANG_ENABLE_OBJC_ARC = YES;
				CLANG_ENABLE_OBJC_WEAK = YES;
				CLANG_WARN_BLOCK_CAPTURE_AUTORELEASING = YES;
				CLANG_WARN_BOOL_CONVERSION = YES;
				CLANG_WARN_COMMA = YES;
				CLANG_WARN_CONSTANT_CONVERSION = YES;
				CLANG_WARN_DEPRECATED_OBJC_IMPLEMENTATIONS = YES;
				CLANG_WARN_DIRECT_OBJC_ISA_USAGE = YES_ERROR;
				CLANG_WARN_DOCUMENTATION_COMMENTS = YES;
				CLANG_WARN_EMPTY_BODY = YES;
				CLANG_WARN_ENUM_CONVERSION = YES;
				CLANG_WARN_INFINITE_RECURSION = YES;
				CLANG_WARN_INT_CONVERSION = YES;
				CLANG_WARN_NON_LITERAL_NULL_CONVERSION = YES;
				CLANG_WARN_OBJC_IMPLICIT_RETAIN_SELF = YES;
				CLANG_WARN_OBJC_LITERAL_CONVERSION = YES;
				CLANG_WARN_OBJC_ROOT_CLASS = YES_ERROR;
				CLANG_WARN_QUOTED_INCLUDE_IN_FRAMEWORK_HEADER = YES;
				CLANG_WARN_RANGE_LOOP_ANALYSIS = YES;
				CLANG_WARN_STRICT_PROTOTYPES = YES;
				CLANG_WARN_SUSPICIOUS_MOVE = YES;
				CLANG_WARN_UNGUARDED_AVAILABILITY = YES_AGGRESSIVE;
				CLANG_WARN_UNREACHABLE_CODE = YES;
				CLANG_WARN__DUPLICATE_METHOD_MATCH = YES;
				COPY_PHASE_STRIP = NO;
				DEBUG_INFORMATION_FORMAT = "dwarf-with-dsym";
				ENABLE_NS_ASSERTIONS = NO;
				ENABLE_STRICT_OBJC_MSGSEND = YES;
				ENABLE_USER_SCRIPT_SANDBOXING = YES;
				GCC_C_LANGUAGE_STANDARD = gnu17;
				GCC_NO_COMMON_BLOCKS = YES;
				GCC_WARN_64_TO_32_BIT_CONVERSION = YES;
				GCC_WARN_ABOUT_RETURN_TYPE = YES_ERROR;
				GCC_WARN_UNDECLARED_SELECTOR = YES;
				GCC_WARN_UNINITIALIZED_AUTOS = YES_AGGRESSIVE;
				GCC_WARN_UNUSED_FUNCTION = YES;
				GCC_WARN_UNUSED_VARIABLE = YES;
				IPHONEOS_DEPLOYMENT_TARGET = 17.5;
				LOCALIZATION_PREFERS_STRING_CATALOGS = YES;
				MTL_ENABLE_DEBUG_INFO = NO;
				MTL_FAST_MATH = YES;
				SDKROOT = iphoneos;
				SWIFT_COMPILATION_MODE = wholemodule;
				VALIDATE_PRODUCT = YES;
			};
			name = Release;
		};
		97AE9CDF2C2C3FBE000A4B09 /* Debug */ = {
			isa = XCBuildConfiguration;
			baseConfigurationReference = 8622DF5B9DDADA84C5AE6054 /* Pods-CaseStudy-RCTI.debug.xcconfig */;
			buildSettings = {
				ASSETCATALOG_COMPILER_APPICON_NAME = AppIcon;
				ASSETCATALOG_COMPILER_GLOBAL_ACCENT_COLOR_NAME = AccentColor;
				CODE_SIGN_STYLE = Automatic;
				CURRENT_PROJECT_VERSION = 1;
				DEVELOPMENT_TEAM = 98QK38C4QU;
				ENABLE_USER_SCRIPT_SANDBOXING = NO;
				GENERATE_INFOPLIST_FILE = YES;
				INFOPLIST_FILE = "CaseStudy-RCTI/Info.plist";
				INFOPLIST_KEY_UIApplicationSupportsIndirectInputEvents = YES;
				INFOPLIST_KEY_UILaunchStoryboardName = LaunchScreen;
				INFOPLIST_KEY_UISupportedInterfaceOrientations_iPad = "UIInterfaceOrientationPortrait UIInterfaceOrientationPortraitUpsideDown UIInterfaceOrientationLandscapeLeft UIInterfaceOrientationLandscapeRight";
				INFOPLIST_KEY_UISupportedInterfaceOrientations_iPhone = "UIInterfaceOrientationPortrait UIInterfaceOrientationLandscapeLeft UIInterfaceOrientationLandscapeRight";
				LD_RUNPATH_SEARCH_PATHS = (
					"$(inherited)",
					"@executable_path/Frameworks",
				);
				MARKETING_VERSION = 1.0;
				PRODUCT_BUNDLE_IDENTIFIER = "com.pieteryonathan.CaseStudy-RCTI";
				PRODUCT_NAME = "$(TARGET_NAME)";
				SWIFT_EMIT_LOC_STRINGS = YES;
				SWIFT_VERSION = 5.0;
				TARGETED_DEVICE_FAMILY = "1,2";
			};
			name = Debug;
		};
		97AE9CE02C2C3FBE000A4B09 /* Release */ = {
			isa = XCBuildConfiguration;
			baseConfigurationReference = D7B64134C6830296F629E801 /* Pods-CaseStudy-RCTI.release.xcconfig */;
			buildSettings = {
				ASSETCATALOG_COMPILER_APPICON_NAME = AppIcon;
				ASSETCATALOG_COMPILER_GLOBAL_ACCENT_COLOR_NAME = AccentColor;
				CODE_SIGN_STYLE = Automatic;
				CURRENT_PROJECT_VERSION = 1;
				DEVELOPMENT_TEAM = 98QK38C4QU;
				ENABLE_USER_SCRIPT_SANDBOXING = NO;
				GENERATE_INFOPLIST_FILE = YES;
				INFOPLIST_FILE = "CaseStudy-RCTI/Info.plist";
				INFOPLIST_KEY_UIApplicationSupportsIndirectInputEvents = YES;
				INFOPLIST_KEY_UILaunchStoryboardName = LaunchScreen;
				INFOPLIST_KEY_UISupportedInterfaceOrientations_iPad = "UIInterfaceOrientationPortrait UIInterfaceOrientationPortraitUpsideDown UIInterfaceOrientationLandscapeLeft UIInterfaceOrientationLandscapeRight";
				INFOPLIST_KEY_UISupportedInterfaceOrientations_iPhone = "UIInterfaceOrientationPortrait UIInterfaceOrientationLandscapeLeft UIInterfaceOrientationLandscapeRight";
				LD_RUNPATH_SEARCH_PATHS = (
					"$(inherited)",
					"@executable_path/Frameworks",
				);
				MARKETING_VERSION = 1.0;
				PRODUCT_BUNDLE_IDENTIFIER = "com.pieteryonathan.CaseStudy-RCTI";
				PRODUCT_NAME = "$(TARGET_NAME)";
				SWIFT_EMIT_LOC_STRINGS = YES;
				SWIFT_VERSION = 5.0;
				TARGETED_DEVICE_FAMILY = "1,2";
			};
			name = Release;
		};
/* End XCBuildConfiguration section */

/* Begin XCConfigurationList section */
		97AE9CC52C2C3FBD000A4B09 /* Build configuration list for PBXProject "CaseStudy-RCTI" */ = {
			isa = XCConfigurationList;
			buildConfigurations = (
				97AE9CDC2C2C3FBE000A4B09 /* Debug */,
				97AE9CDD2C2C3FBE000A4B09 /* Release */,
			);
			defaultConfigurationIsVisible = 0;
			defaultConfigurationName = Release;
		};
		97AE9CDE2C2C3FBE000A4B09 /* Build configuration list for PBXNativeTarget "CaseStudy-RCTI" */ = {
			isa = XCConfigurationList;
			buildConfigurations = (
				97AE9CDF2C2C3FBE000A4B09 /* Debug */,
				97AE9CE02C2C3FBE000A4B09 /* Release */,
			);
			defaultConfigurationIsVisible = 0;
			defaultConfigurationName = Release;
		};
/* End XCConfigurationList section */
	};
	rootObject = 97AE9CC22C2C3FBD000A4B09 /* Project object */;
}
